
Microsoft Visual Studio Solution File, Format Version 12.00
# Visual Studio Version 17
VisualStudioVersion = 17.9.34728.123
MinimumVisualStudioVersion = 10.0.40219.1
Project("{FAE04EC0-301F-11D3-BF4B-00C04F79EFBC}") = "Encapsulation", "Encapsulation\Encapsulation.csproj", "{53895FED-C3DF-48C8-BCF6-C28FEA3621FB}"
EndProject
Project("{FAE04EC0-301F-11D3-BF4B-00C04F79EFBC}") = "Fraction", "Fractionm+\Fraction.csproj", "{444CB16F-3F6B-45F5-848D-9E90D391CBA2}"
EndProject
Global
	GlobalSection(SolutionConfigurationPlatforms) = preSolution
		Debug|Any CPU = Debug|Any CPU
		Release|Any CPU = Release|Any CPU
	EndGlobalSection
	GlobalSection(ProjectConfigurationPlatforms) = postSolution
		{53895FED-C3DF-48C8-BCF6-C28FEA3621FB}.Debug|Any CPU.ActiveCfg = Debug|Any CPU
		{53895FED-C3DF-48C8-BCF6-C28FEA3621FB}.Debug|Any CPU.Build.0 = Debug|Any CPU
		{53895FED-C3DF-48C8-BCF6-C28FEA3621FB}.Release|Any CPU.ActiveCfg = Release|Any CPU
		{53895FED-C3DF-48C8-BCF6-C28FEA3621FB}.Release|Any CPU.Build.0 = Release|Any CPU
		{444CB16F-3F6B-45F5-848D-9E90D391CBA2}.Debug|Any CPU.ActiveCfg = Debug|Any CPU
		{444CB16F-3F6B-45F5-848D-9E90D391CBA2}.Debug|Any CPU.Build.0 = Debug|Any CPU
		{444CB16F-3F6B-45F5-848D-9E90D391CBA2}.Release|Any CPU.ActiveCfg = Release|Any CPU
		{444CB16F-3F6B-45F5-848D-9E90D391CBA2}.Release|Any CPU.Build.0 = Release|Any CPU
	EndGlobalSection
	GlobalSection(SolutionProperties) = preSolution
		HideSolutionNode = FALSE
	EndGlobalSection
	GlobalSection(ExtensibilityGlobals) = postSolution
		SolutionGuid = {99C52EE9-8314-4000-B051-B94209E03D61}
	EndGlobalSection
EndGlobal
